// !$*UTF8*$!
{
	archiveVersion = 1;
	classes = {
	};
	objectVersion = 50;
	objects = {

/* Begin PBXBuildFile section */
		A1C2791127405CEB0096F3BE /* AppDelegate.swift in Sources */ = {isa = PBXBuildFile; fileRef = A1C2791027405CEB0096F3BE /* AppDelegate.swift */; };
		A1C2791327405CEB0096F3BE /* SceneDelegate.swift in Sources */ = {isa = PBXBuildFile; fileRef = A1C2791227405CEB0096F3BE /* SceneDelegate.swift */; };
		A1C2791527405CEB0096F3BE /* ViewController.swift in Sources */ = {isa = PBXBuildFile; fileRef = A1C2791427405CEB0096F3BE /* ViewController.swift */; };
		A1C2791827405CEB0096F3BE /* Main.storyboard in Resources */ = {isa = PBXBuildFile; fileRef = A1C2791627405CEB0096F3BE /* Main.storyboard */; };
		A1C2791A27405CEE0096F3BE /* Assets.xcassets in Resources */ = {isa = PBXBuildFile; fileRef = A1C2791927405CEE0096F3BE /* Assets.xcassets */; };
		A1C2791D27405CEE0096F3BE /* LaunchScreen.storyboard in Resources */ = {isa = PBXBuildFile; fileRef = A1C2791B27405CEE0096F3BE /* LaunchScreen.storyboard */; };
		A1C2792827405CEE0096F3BE /* _0211113_VikashHart_NYCSchoolsTests.swift in Sources */ = {isa = PBXBuildFile; fileRef = A1C2792727405CEE0096F3BE /* _0211113_VikashHart_NYCSchoolsTests.swift */; };
		A1C2793327405CEE0096F3BE /* _0211113_VikashHart_NYCSchoolsUITests.swift in Sources */ = {isa = PBXBuildFile; fileRef = A1C2793227405CEE0096F3BE /* _0211113_VikashHart_NYCSchoolsUITests.swift */; };
		A1C2794227405E340096F3BE /* NYCSchoolModel.swift in Sources */ = {isa = PBXBuildFile; fileRef = A1C2794127405E340096F3BE /* NYCSchoolModel.swift */; };
		A1C2794427405E740096F3BE /* SATModel.swift in Sources */ = {isa = PBXBuildFile; fileRef = A1C2794327405E740096F3BE /* SATModel.swift */; };
		A1C279472740604C0096F3BE /* NetworkError.swift in Sources */ = {isa = PBXBuildFile; fileRef = A1C279462740604C0096F3BE /* NetworkError.swift */; };
		A1C27949274060940096F3BE /* HTTPUrlResponseAPIError.swift in Sources */ = {isa = PBXBuildFile; fileRef = A1C27948274060940096F3BE /* HTTPUrlResponseAPIError.swift */; };
		A1C2794B2740610B0096F3BE /* NetworkClient.swift in Sources */ = {isa = PBXBuildFile; fileRef = A1C2794A2740610B0096F3BE /* NetworkClient.swift */; };
		A1C2794D274061220096F3BE /* EndpointBuilder.swift in Sources */ = {isa = PBXBuildFile; fileRef = A1C2794C274061220096F3BE /* EndpointBuilder.swift */; };
		A1C2794F274061870096F3BE /* NYCAPIClient.swift in Sources */ = {isa = PBXBuildFile; fileRef = A1C2794E274061870096F3BE /* NYCAPIClient.swift */; };
		A1C27953274094240096F3BE /* Caching.swift in Sources */ = {isa = PBXBuildFile; fileRef = A1C27952274094240096F3BE /* Caching.swift */; };
/* End PBXBuildFile section */

/* Begin PBXContainerItemProxy section */
		A1C2792427405CEE0096F3BE /* PBXContainerItemProxy */ = {
			isa = PBXContainerItemProxy;
			containerPortal = A1C2790527405CEB0096F3BE /* Project object */;
			proxyType = 1;
			remoteGlobalIDString = A1C2790C27405CEB0096F3BE;
			remoteInfo = "20211113-VikashHart-NYCSchools";
		};
		A1C2792F27405CEE0096F3BE /* PBXContainerItemProxy */ = {
			isa = PBXContainerItemProxy;
			containerPortal = A1C2790527405CEB0096F3BE /* Project object */;
			proxyType = 1;
			remoteGlobalIDString = A1C2790C27405CEB0096F3BE;
			remoteInfo = "20211113-VikashHart-NYCSchools";
		};
/* End PBXContainerItemProxy section */

/* Begin PBXFileReference section */
		A1C2790D27405CEB0096F3BE /* 20211113-VikashHart-NYCSchools.app */ = {isa = PBXFileReference; explicitFileType = wrapper.application; includeInIndex = 0; path = "20211113-VikashHart-NYCSchools.app"; sourceTree = BUILT_PRODUCTS_DIR; };
		A1C2791027405CEB0096F3BE /* AppDelegate.swift */ = {isa = PBXFileReference; lastKnownFileType = sourcecode.swift; path = AppDelegate.swift; sourceTree = "<group>"; };
		A1C2791227405CEB0096F3BE /* SceneDelegate.swift */ = {isa = PBXFileReference; lastKnownFileType = sourcecode.swift; path = SceneDelegate.swift; sourceTree = "<group>"; };
		A1C2791427405CEB0096F3BE /* ViewController.swift */ = {isa = PBXFileReference; lastKnownFileType = sourcecode.swift; path = ViewController.swift; sourceTree = "<group>"; };
		A1C2791727405CEB0096F3BE /* Base */ = {isa = PBXFileReference; lastKnownFileType = file.storyboard; name = Base; path = Base.lproj/Main.storyboard; sourceTree = "<group>"; };
		A1C2791927405CEE0096F3BE /* Assets.xcassets */ = {isa = PBXFileReference; lastKnownFileType = folder.assetcatalog; path = Assets.xcassets; sourceTree = "<group>"; };
		A1C2791C27405CEE0096F3BE /* Base */ = {isa = PBXFileReference; lastKnownFileType = file.storyboard; name = Base; path = Base.lproj/LaunchScreen.storyboard; sourceTree = "<group>"; };
		A1C2791E27405CEE0096F3BE /* Info.plist */ = {isa = PBXFileReference; lastKnownFileType = text.plist.xml; path = Info.plist; sourceTree = "<group>"; };
		A1C2792327405CEE0096F3BE /* 20211113-VikashHart-NYCSchoolsTests.xctest */ = {isa = PBXFileReference; explicitFileType = wrapper.cfbundle; includeInIndex = 0; path = "20211113-VikashHart-NYCSchoolsTests.xctest"; sourceTree = BUILT_PRODUCTS_DIR; };
		A1C2792727405CEE0096F3BE /* _0211113_VikashHart_NYCSchoolsTests.swift */ = {isa = PBXFileReference; lastKnownFileType = sourcecode.swift; path = _0211113_VikashHart_NYCSchoolsTests.swift; sourceTree = "<group>"; };
		A1C2792927405CEE0096F3BE /* Info.plist */ = {isa = PBXFileReference; lastKnownFileType = text.plist.xml; path = Info.plist; sourceTree = "<group>"; };
		A1C2792E27405CEE0096F3BE /* 20211113-VikashHart-NYCSchoolsUITests.xctest */ = {isa = PBXFileReference; explicitFileType = wrapper.cfbundle; includeInIndex = 0; path = "20211113-VikashHart-NYCSchoolsUITests.xctest"; sourceTree = BUILT_PRODUCTS_DIR; };
		A1C2793227405CEE0096F3BE /* _0211113_VikashHart_NYCSchoolsUITests.swift */ = {isa = PBXFileReference; lastKnownFileType = sourcecode.swift; path = _0211113_VikashHart_NYCSchoolsUITests.swift; sourceTree = "<group>"; };
		A1C2793427405CEE0096F3BE /* Info.plist */ = {isa = PBXFileReference; lastKnownFileType = text.plist.xml; path = Info.plist; sourceTree = "<group>"; };
		A1C2794127405E340096F3BE /* NYCSchoolModel.swift */ = {isa = PBXFileReference; lastKnownFileType = sourcecode.swift; path = NYCSchoolModel.swift; sourceTree = "<group>"; };
		A1C2794327405E740096F3BE /* SATModel.swift */ = {isa = PBXFileReference; lastKnownFileType = sourcecode.swift; path = SATModel.swift; sourceTree = "<group>"; };
		A1C279462740604C0096F3BE /* NetworkError.swift */ = {isa = PBXFileReference; lastKnownFileType = sourcecode.swift; path = NetworkError.swift; sourceTree = "<group>"; };
		A1C27948274060940096F3BE /* HTTPUrlResponseAPIError.swift */ = {isa = PBXFileReference; lastKnownFileType = sourcecode.swift; path = HTTPUrlResponseAPIError.swift; sourceTree = "<group>"; };
		A1C2794A2740610B0096F3BE /* NetworkClient.swift */ = {isa = PBXFileReference; lastKnownFileType = sourcecode.swift; path = NetworkClient.swift; sourceTree = "<group>"; };
		A1C2794C274061220096F3BE /* EndpointBuilder.swift */ = {isa = PBXFileReference; lastKnownFileType = sourcecode.swift; path = EndpointBuilder.swift; sourceTree = "<group>"; };
		A1C2794E274061870096F3BE /* NYCAPIClient.swift */ = {isa = PBXFileReference; lastKnownFileType = sourcecode.swift; path = NYCAPIClient.swift; sourceTree = "<group>"; };
		A1C27952274094240096F3BE /* Caching.swift */ = {isa = PBXFileReference; lastKnownFileType = sourcecode.swift; path = Caching.swift; sourceTree = "<group>"; };
/* End PBXFileReference section */

/* Begin PBXFrameworksBuildPhase section */
		A1C2790A27405CEB0096F3BE /* Frameworks */ = {
			isa = PBXFrameworksBuildPhase;
			buildActionMask = 2147483647;
			files = (
			);
			runOnlyForDeploymentPostprocessing = 0;
		};
		A1C2792027405CEE0096F3BE /* Frameworks */ = {
			isa = PBXFrameworksBuildPhase;
			buildActionMask = 2147483647;
			files = (
			);
			runOnlyForDeploymentPostprocessing = 0;
		};
		A1C2792B27405CEE0096F3BE /* Frameworks */ = {
			isa = PBXFrameworksBuildPhase;
			buildActionMask = 2147483647;
			files = (
			);
			runOnlyForDeploymentPostprocessing = 0;
		};
/* End PBXFrameworksBuildPhase section */

/* Begin PBXGroup section */
		A1C2790427405CEB0096F3BE = {
			isa = PBXGroup;
			children = (
				A1C2790F27405CEB0096F3BE /* 20211113-VikashHart-NYCSchools */,
				A1C2792627405CEE0096F3BE /* 20211113-VikashHart-NYCSchoolsTests */,
				A1C2793127405CEE0096F3BE /* 20211113-VikashHart-NYCSchoolsUITests */,
				A1C2790E27405CEB0096F3BE /* Products */,
			);
			sourceTree = "<group>";
		};
		A1C2790E27405CEB0096F3BE /* Products */ = {
			isa = PBXGroup;
			children = (
				A1C2790D27405CEB0096F3BE /* 20211113-VikashHart-NYCSchools.app */,
				A1C2792327405CEE0096F3BE /* 20211113-VikashHart-NYCSchoolsTests.xctest */,
				A1C2792E27405CEE0096F3BE /* 20211113-VikashHart-NYCSchoolsUITests.xctest */,
			);
			name = Products;
			sourceTree = "<group>";
		};
		A1C2790F27405CEB0096F3BE /* 20211113-VikashHart-NYCSchools */ = {
			isa = PBXGroup;
			children = (
				A1C27950274093FF0096F3BE /* Components */,
				A1C2794527405FE30096F3BE /* Networking */,
				A1C2794027405E130096F3BE /* APIModels */,
				A1C2791027405CEB0096F3BE /* AppDelegate.swift */,
				A1C2791227405CEB0096F3BE /* SceneDelegate.swift */,
				A1C2791427405CEB0096F3BE /* ViewController.swift */,
				A1C2791627405CEB0096F3BE /* Main.storyboard */,
				A1C2791927405CEE0096F3BE /* Assets.xcassets */,
				A1C2791B27405CEE0096F3BE /* LaunchScreen.storyboard */,
				A1C2791E27405CEE0096F3BE /* Info.plist */,
			);
			path = "20211113-VikashHart-NYCSchools";
			sourceTree = "<group>";
		};
		A1C2792627405CEE0096F3BE /* 20211113-VikashHart-NYCSchoolsTests */ = {
			isa = PBXGroup;
			children = (
				A1C2792727405CEE0096F3BE /* _0211113_VikashHart_NYCSchoolsTests.swift */,
				A1C2792927405CEE0096F3BE /* Info.plist */,
			);
			path = "20211113-VikashHart-NYCSchoolsTests";
			sourceTree = "<group>";
		};
		A1C2793127405CEE0096F3BE /* 20211113-VikashHart-NYCSchoolsUITests */ = {
			isa = PBXGroup;
			children = (
				A1C2793227405CEE0096F3BE /* _0211113_VikashHart_NYCSchoolsUITests.swift */,
				A1C2793427405CEE0096F3BE /* Info.plist */,
			);
			path = "20211113-VikashHart-NYCSchoolsUITests";
			sourceTree = "<group>";
		};
		A1C2794027405E130096F3BE /* APIModels */ = {
			isa = PBXGroup;
			children = (
				A1C2794127405E340096F3BE /* NYCSchoolModel.swift */,
				A1C2794327405E740096F3BE /* SATModel.swift */,
			);
			path = APIModels;
			sourceTree = "<group>";
		};
		A1C2794527405FE30096F3BE /* Networking */ = {
			isa = PBXGroup;
			children = (
				A1C2794A2740610B0096F3BE /* NetworkClient.swift */,
				A1C2794C274061220096F3BE /* EndpointBuilder.swift */,
				A1C2794E274061870096F3BE /* NYCAPIClient.swift */,
				A1C27948274060940096F3BE /* HTTPUrlResponseAPIError.swift */,
				A1C279462740604C0096F3BE /* NetworkError.swift */,
			);
			path = Networking;
			sourceTree = "<group>";
		};
		A1C27950274093FF0096F3BE /* Components */ = {
			isa = PBXGroup;
			children = (
				A1C27951274094100096F3BE /* Caching */,
			);
			path = Components;
			sourceTree = "<group>";
		};
		A1C27951274094100096F3BE /* Caching */ = {
			isa = PBXGroup;
			children = (
				A1C27952274094240096F3BE /* Caching.swift */,
			);
			path = Caching;
			sourceTree = "<group>";
		};
/* End PBXGroup section */

/* Begin PBXNativeTarget section */
		A1C2790C27405CEB0096F3BE /* 20211113-VikashHart-NYCSchools */ = {
			isa = PBXNativeTarget;
			buildConfigurationList = A1C2793727405CEE0096F3BE /* Build configuration list for PBXNativeTarget "20211113-VikashHart-NYCSchools" */;
			buildPhases = (
				A1C2790927405CEB0096F3BE /* Sources */,
				A1C2790A27405CEB0096F3BE /* Frameworks */,
				A1C2790B27405CEB0096F3BE /* Resources */,
			);
			buildRules = (
			);
			dependencies = (
			);
			name = "20211113-VikashHart-NYCSchools";
			productName = "20211113-VikashHart-NYCSchools";
			productReference = A1C2790D27405CEB0096F3BE /* 20211113-VikashHart-NYCSchools.app */;
			productType = "com.apple.product-type.application";
		};
		A1C2792227405CEE0096F3BE /* 20211113-VikashHart-NYCSchoolsTests */ = {
			isa = PBXNativeTarget;
			buildConfigurationList = A1C2793A27405CEE0096F3BE /* Build configuration list for PBXNativeTarget "20211113-VikashHart-NYCSchoolsTests" */;
			buildPhases = (
				A1C2791F27405CEE0096F3BE /* Sources */,
				A1C2792027405CEE0096F3BE /* Frameworks */,
				A1C2792127405CEE0096F3BE /* Resources */,
			);
			buildRules = (
			);
			dependencies = (
				A1C2792527405CEE0096F3BE /* PBXTargetDependency */,
			);
			name = "20211113-VikashHart-NYCSchoolsTests";
			productName = "20211113-VikashHart-NYCSchoolsTests";
			productReference = A1C2792327405CEE0096F3BE /* 20211113-VikashHart-NYCSchoolsTests.xctest */;
			productType = "com.apple.product-type.bundle.unit-test";
		};
		A1C2792D27405CEE0096F3BE /* 20211113-VikashHart-NYCSchoolsUITests */ = {
			isa = PBXNativeTarget;
			buildConfigurationList = A1C2793D27405CEE0096F3BE /* Build configuration list for PBXNativeTarget "20211113-VikashHart-NYCSchoolsUITests" */;
			buildPhases = (
				A1C2792A27405CEE0096F3BE /* Sources */,
				A1C2792B27405CEE0096F3BE /* Frameworks */,
				A1C2792C27405CEE0096F3BE /* Resources */,
			);
			buildRules = (
			);
			dependencies = (
				A1C2793027405CEE0096F3BE /* PBXTargetDependency */,
			);
			name = "20211113-VikashHart-NYCSchoolsUITests";
			productName = "20211113-VikashHart-NYCSchoolsUITests";
			productReference = A1C2792E27405CEE0096F3BE /* 20211113-VikashHart-NYCSchoolsUITests.xctest */;
			productType = "com.apple.product-type.bundle.ui-testing";
		};
/* End PBXNativeTarget section */

/* Begin PBXProject section */
		A1C2790527405CEB0096F3BE /* Project object */ = {
			isa = PBXProject;
			attributes = {
				LastSwiftUpdateCheck = 1250;
				LastUpgradeCheck = 1250;
				TargetAttributes = {
					A1C2790C27405CEB0096F3BE = {
						CreatedOnToolsVersion = 12.5.1;
					};
					A1C2792227405CEE0096F3BE = {
						CreatedOnToolsVersion = 12.5.1;
						TestTargetID = A1C2790C27405CEB0096F3BE;
					};
					A1C2792D27405CEE0096F3BE = {
						CreatedOnToolsVersion = 12.5.1;
						TestTargetID = A1C2790C27405CEB0096F3BE;
					};
				};
			};
			buildConfigurationList = A1C2790827405CEB0096F3BE /* Build configuration list for PBXProject "20211113-VikashHart-NYCSchools" */;
			compatibilityVersion = "Xcode 9.3";
			developmentRegion = en;
			hasScannedForEncodings = 0;
			knownRegions = (
				en,
				Base,
			);
			mainGroup = A1C2790427405CEB0096F3BE;
			productRefGroup = A1C2790E27405CEB0096F3BE /* Products */;
			projectDirPath = "";
			projectRoot = "";
			targets = (
				A1C2790C27405CEB0096F3BE /* 20211113-VikashHart-NYCSchools */,
				A1C2792227405CEE0096F3BE /* 20211113-VikashHart-NYCSchoolsTests */,
				A1C2792D27405CEE0096F3BE /* 20211113-VikashHart-NYCSchoolsUITests */,
			);
		};
/* End PBXProject section */

/* Begin PBXResourcesBuildPhase section */
		A1C2790B27405CEB0096F3BE /* Resources */ = {
			isa = PBXResourcesBuildPhase;
			buildActionMask = 2147483647;
			files = (
				A1C2791D27405CEE0096F3BE /* LaunchScreen.storyboard in Resources */,
				A1C2791A27405CEE0096F3BE /* Assets.xcassets in Resources */,
				A1C2791827405CEB0096F3BE /* Main.storyboard in Resources */,
			);
			runOnlyForDeploymentPostprocessing = 0;
		};
		A1C2792127405CEE0096F3BE /* Resources */ = {
			isa = PBXResourcesBuildPhase;
			buildActionMask = 2147483647;
			files = (
			);
			runOnlyForDeploymentPostprocessing = 0;
		};
		A1C2792C27405CEE0096F3BE /* Resources */ = {
			isa = PBXResourcesBuildPhase;
			buildActionMask = 2147483647;
			files = (
			);
			runOnlyForDeploymentPostprocessing = 0;
		};
/* End PBXResourcesBuildPhase section */

/* Begin PBXSourcesBuildPhase section */
		A1C2790927405CEB0096F3BE /* Sources */ = {
			isa = PBXSourcesBuildPhase;
			buildActionMask = 2147483647;
			files = (
				A1C2791527405CEB0096F3BE /* ViewController.swift in Sources */,
				A1C2791127405CEB0096F3BE /* AppDelegate.swift in Sources */,
				A1C2794227405E340096F3BE /* NYCSchoolModel.swift in Sources */,
				A1C2794F274061870096F3BE /* NYCAPIClient.swift in Sources */,
				A1C2794D274061220096F3BE /* EndpointBuilder.swift in Sources */,
				A1C279472740604C0096F3BE /* NetworkError.swift in Sources */,
				A1C2791327405CEB0096F3BE /* SceneDelegate.swift in Sources */,
				A1C2794427405E740096F3BE /* SATModel.swift in Sources */,
				A1C27949274060940096F3BE /* HTTPUrlResponseAPIError.swift in Sources */,
				A1C2794B2740610B0096F3BE /* NetworkClient.swift in Sources */,
				A1C27953274094240096F3BE /* Caching.swift in Sources */,
			);
			runOnlyForDeploymentPostprocessing = 0;
		};
		A1C2791F27405CEE0096F3BE /* Sources */ = {
			isa = PBXSourcesBuildPhase;
			buildActionMask = 2147483647;
			files = (
				A1C2792827405CEE0096F3BE /* _0211113_VikashHart_NYCSchoolsTests.swift in Sources */,
			);
			runOnlyForDeploymentPostprocessing = 0;
		};
		A1C2792A27405CEE0096F3BE /* Sources */ = {
			isa = PBXSourcesBuildPhase;
			buildActionMask = 2147483647;
			files = (
				A1C2793327405CEE0096F3BE /* _0211113_VikashHart_NYCSchoolsUITests.swift in Sources */,
			);
			runOnlyForDeploymentPostprocessing = 0;
		};
/* End PBXSourcesBuildPhase section */

/* Begin PBXTargetDependency section */
		A1C2792527405CEE0096F3BE /* PBXTargetDependency */ = {
			isa = PBXTargetDependency;
			target = A1C2790C27405CEB0096F3BE /* 20211113-VikashHart-NYCSchools */;
			targetProxy = A1C2792427405CEE0096F3BE /* PBXContainerItemProxy */;
		};
		A1C2793027405CEE0096F3BE /* PBXTargetDependency */ = {
			isa = PBXTargetDependency;
			target = A1C2790C27405CEB0096F3BE /* 20211113-VikashHart-NYCSchools */;
			targetProxy = A1C2792F27405CEE0096F3BE /* PBXContainerItemProxy */;
		};
/* End PBXTargetDependency section */

/* Begin PBXVariantGroup section */
		A1C2791627405CEB0096F3BE /* Main.storyboard */ = {
			isa = PBXVariantGroup;
			children = (
				A1C2791727405CEB0096F3BE /* Base */,
			);
			name = Main.storyboard;
			sourceTree = "<group>";
		};
		A1C2791B27405CEE0096F3BE /* LaunchScreen.storyboard */ = {
			isa = PBXVariantGroup;
			children = (
				A1C2791C27405CEE0096F3BE /* Base */,
			);
			name = LaunchScreen.storyboard;
			sourceTree = "<group>";
		};
/* End PBXVariantGroup section */

/* Begin XCBuildConfiguration section */
		A1C2793527405CEE0096F3BE /* Debug */ = {
			isa = XCBuildConfiguration;
			buildSettings = {
				ALWAYS_SEARCH_USER_PATHS = NO;
				CLANG_ANALYZER_NONNULL = YES;
				CLANG_ANALYZER_NUMBER_OBJECT_CONVERSION = YES_AGGRESSIVE;
				CLANG_CXX_LANGUAGE_STANDARD = "gnu++14";
				CLANG_CXX_LIBRARY = "libc++";
				CLANG_ENABLE_MODULES = YES;
				CLANG_ENABLE_OBJC_ARC = YES;
				CLANG_ENABLE_OBJC_WEAK = YES;
				CLANG_WARN_BLOCK_CAPTURE_AUTORELEASING = YES;
				CLANG_WARN_BOOL_CONVERSION = YES;
				CLANG_WARN_COMMA = YES;
				CLANG_WARN_CONSTANT_CONVERSION = YES;
				CLANG_WARN_DEPRECATED_OBJC_IMPLEMENTATIONS = YES;
				CLANG_WARN_DIRECT_OBJC_ISA_USAGE = YES_ERROR;
				CLANG_WARN_DOCUMENTATION_COMMENTS = YES;
				CLANG_WARN_EMPTY_BODY = YES;
				CLANG_WARN_ENUM_CONVERSION = YES;
				CLANG_WARN_INFINITE_RECURSION = YES;
				CLANG_WARN_INT_CONVERSION = YES;
				CLANG_WARN_NON_LITERAL_NULL_CONVERSION = YES;
				CLANG_WARN_OBJC_IMPLICIT_RETAIN_SELF = YES;
				CLANG_WARN_OBJC_LITERAL_CONVERSION = YES;
				CLANG_WARN_OBJC_ROOT_CLASS = YES_ERROR;
				CLANG_WARN_QUOTED_INCLUDE_IN_FRAMEWORK_HEADER = YES;
				CLANG_WARN_RANGE_LOOP_ANALYSIS = YES;
				CLANG_WARN_STRICT_PROTOTYPES = YES;
				CLANG_WARN_SUSPICIOUS_MOVE = YES;
				CLANG_WARN_UNGUARDED_AVAILABILITY = YES_AGGRESSIVE;
				CLANG_WARN_UNREACHABLE_CODE = YES;
				CLANG_WARN__DUPLICATE_METHOD_MATCH = YES;
				COPY_PHASE_STRIP = NO;
				DEBUG_INFORMATION_FORMAT = dwarf;
				ENABLE_STRICT_OBJC_MSGSEND = YES;
				ENABLE_TESTABILITY = YES;
				GCC_C_LANGUAGE_STANDARD = gnu11;
				GCC_DYNAMIC_NO_PIC = NO;
				GCC_NO_COMMON_BLOCKS = YES;
				GCC_OPTIMIZATION_LEVEL = 0;
				GCC_PREPROCESSOR_DEFINITIONS = (
					"DEBUG=1",
					"$(inherited)",
				);
				GCC_WARN_64_TO_32_BIT_CONVERSION = YES;
				GCC_WARN_ABOUT_RETURN_TYPE = YES_ERROR;
				GCC_WARN_UNDECLARED_SELECTOR = YES;
				GCC_WARN_UNINITIALIZED_AUTOS = YES_AGGRESSIVE;
				GCC_WARN_UNUSED_FUNCTION = YES;
				GCC_WARN_UNUSED_VARIABLE = YES;
				IPHONEOS_DEPLOYMENT_TARGET = 14.5;
				MTL_ENABLE_DEBUG_INFO = INCLUDE_SOURCE;
				MTL_FAST_MATH = YES;
				ONLY_ACTIVE_ARCH = YES;
				SDKROOT = iphoneos;
				SWIFT_ACTIVE_COMPILATION_CONDITIONS = DEBUG;
				SWIFT_OPTIMIZATION_LEVEL = "-Onone";
			};
			name = Debug;
		};
		A1C2793627405CEE0096F3BE /* Release */ = {
			isa = XCBuildConfiguration;
			buildSettings = {
				ALWAYS_SEARCH_USER_PATHS = NO;
				CLANG_ANALYZER_NONNULL = YES;
				CLANG_ANALYZER_NUMBER_OBJECT_CONVERSION = YES_AGGRESSIVE;
				CLANG_CXX_LANGUAGE_STANDARD = "gnu++14";
				CLANG_CXX_LIBRARY = "libc++";
				CLANG_ENABLE_MODULES = YES;
				CLANG_ENABLE_OBJC_ARC = YES;
				CLANG_ENABLE_OBJC_WEAK = YES;
				CLANG_WARN_BLOCK_CAPTURE_AUTORELEASING = YES;
				CLANG_WARN_BOOL_CONVERSION = YES;
				CLANG_WARN_COMMA = YES;
				CLANG_WARN_CONSTANT_CONVERSION = YES;
				CLANG_WARN_DEPRECATED_OBJC_IMPLEMENTATIONS = YES;
				CLANG_WARN_DIRECT_OBJC_ISA_USAGE = YES_ERROR;
				CLANG_WARN_DOCUMENTATION_COMMENTS = YES;
				CLANG_WARN_EMPTY_BODY = YES;
				CLANG_WARN_ENUM_CONVERSION = YES;
				CLANG_WARN_INFINITE_RECURSION = YES;
				CLANG_WARN_INT_CONVERSION = YES;
				CLANG_WARN_NON_LITERAL_NULL_CONVERSION = YES;
				CLANG_WARN_OBJC_IMPLICIT_RETAIN_SELF = YES;
				CLANG_WARN_OBJC_LITERAL_CONVERSION = YES;
				CLANG_WARN_OBJC_ROOT_CLASS = YES_ERROR;
				CLANG_WARN_QUOTED_INCLUDE_IN_FRAMEWORK_HEADER = YES;
				CLANG_WARN_RANGE_LOOP_ANALYSIS = YES;
				CLANG_WARN_STRICT_PROTOTYPES = YES;
				CLANG_WARN_SUSPICIOUS_MOVE = YES;
				CLANG_WARN_UNGUARDED_AVAILABILITY = YES_AGGRESSIVE;
				CLANG_WARN_UNREACHABLE_CODE = YES;
				CLANG_WARN__DUPLICATE_METHOD_MATCH = YES;
				COPY_PHASE_STRIP = NO;
				DEBUG_INFORMATION_FORMAT = "dwarf-with-dsym";
				ENABLE_NS_ASSERTIONS = NO;
				ENABLE_STRICT_OBJC_MSGSEND = YES;
				GCC_C_LANGUAGE_STANDARD = gnu11;
				GCC_NO_COMMON_BLOCKS = YES;
				GCC_WARN_64_TO_32_BIT_CONVERSION = YES;
				GCC_WARN_ABOUT_RETURN_TYPE = YES_ERROR;
				GCC_WARN_UNDECLARED_SELECTOR = YES;
				GCC_WARN_UNINITIALIZED_AUTOS = YES_AGGRESSIVE;
				GCC_WARN_UNUSED_FUNCTION = YES;
				GCC_WARN_UNUSED_VARIABLE = YES;
				IPHONEOS_DEPLOYMENT_TARGET = 14.5;
				MTL_ENABLE_DEBUG_INFO = NO;
				MTL_FAST_MATH = YES;
				SDKROOT = iphoneos;
				SWIFT_COMPILATION_MODE = wholemodule;
				SWIFT_OPTIMIZATION_LEVEL = "-O";
				VALIDATE_PRODUCT = YES;
			};
			name = Release;
		};
		A1C2793827405CEE0096F3BE /* Debug */ = {
			isa = XCBuildConfiguration;
			buildSettings = {
				ASSETCATALOG_COMPILER_APPICON_NAME = AppIcon;
				ASSETCATALOG_COMPILER_GLOBAL_ACCENT_COLOR_NAME = AccentColor;
				CODE_SIGN_STYLE = Automatic;
				DEVELOPMENT_TEAM = 63X7US2LVV;
				INFOPLIST_FILE = "20211113-VikashHart-NYCSchools/Info.plist";
				LD_RUNPATH_SEARCH_PATHS = (
					"$(inherited)",
					"@executable_path/Frameworks",
				);
				PRODUCT_BUNDLE_IDENTIFIER = "VikashHart.-0211113-VikashHart-NYCSchools";
				PRODUCT_NAME = "$(TARGET_NAME)";
				SWIFT_VERSION = 5.0;
				TARGETED_DEVICE_FAMILY = "1,2";
			};
			name = Debug;
		};
		A1C2793927405CEE0096F3BE /* Release */ = {
			isa = XCBuildConfiguration;
			buildSettings = {
				ASSETCATALOG_COMPILER_APPICON_NAME = AppIcon;
				ASSETCATALOG_COMPILER_GLOBAL_ACCENT_COLOR_NAME = AccentColor;
				CODE_SIGN_STYLE = Automatic;
				DEVELOPMENT_TEAM = 63X7US2LVV;
				INFOPLIST_FILE = "20211113-VikashHart-NYCSchools/Info.plist";
				LD_RUNPATH_SEARCH_PATHS = (
					"$(inherited)",
					"@executable_path/Frameworks",
				);
				PRODUCT_BUNDLE_IDENTIFIER = "VikashHart.-0211113-VikashHart-NYCSchools";
				PRODUCT_NAME = "$(TARGET_NAME)";
				SWIFT_VERSION = 5.0;
				TARGETED_DEVICE_FAMILY = "1,2";
			};
			name = Release;
		};
		A1C2793B27405CEE0096F3BE /* Debug */ = {
			isa = XCBuildConfiguration;
			buildSettings = {
				ALWAYS_EMBED_SWIFT_STANDARD_LIBRARIES = YES;
				BUNDLE_LOADER = "$(TEST_HOST)";
				CODE_SIGN_STYLE = Automatic;
				DEVELOPMENT_TEAM = 63X7US2LVV;
				INFOPLIST_FILE = "20211113-VikashHart-NYCSchoolsTests/Info.plist";
				IPHONEOS_DEPLOYMENT_TARGET = 14.5;
				LD_RUNPATH_SEARCH_PATHS = (
					"$(inherited)",
					"@executable_path/Frameworks",
					"@loader_path/Frameworks",
				);
				PRODUCT_BUNDLE_IDENTIFIER = "VikashHart.-0211113-VikashHart-NYCSchoolsTests";
				PRODUCT_NAME = "$(TARGET_NAME)";
				SWIFT_VERSION = 5.0;
				TARGETED_DEVICE_FAMILY = "1,2";
				TEST_HOST = "$(BUILT_PRODUCTS_DIR)/20211113-VikashHart-NYCSchools.app/20211113-VikashHart-NYCSchools";
			};
			name = Debug;
		};
		A1C2793C27405CEE0096F3BE /* Release */ = {
			isa = XCBuildConfiguration;
			buildSettings = {
				ALWAYS_EMBED_SWIFT_STANDARD_LIBRARIES = YES;
				BUNDLE_LOADER = "$(TEST_HOST)";
				CODE_SIGN_STYLE = Automatic;
				DEVELOPMENT_TEAM = 63X7US2LVV;
				INFOPLIST_FILE = "20211113-VikashHart-NYCSchoolsTests/Info.plist";
				IPHONEOS_DEPLOYMENT_TARGET = 14.5;
				LD_RUNPATH_SEARCH_PATHS = (
					"$(inherited)",
					"@executable_path/Frameworks",
					"@loader_path/Frameworks",
				);
				PRODUCT_BUNDLE_IDENTIFIER = "VikashHart.-0211113-VikashHart-NYCSchoolsTests";
				PRODUCT_NAME = "$(TARGET_NAME)";
				SWIFT_VERSION = 5.0;
				TARGETED_DEVICE_FAMILY = "1,2";
				TEST_HOST = "$(BUILT_PRODUCTS_DIR)/20211113-VikashHart-NYCSchools.app/20211113-VikashHart-NYCSchools";
			};
			name = Release;
		};
		A1C2793E27405CEE0096F3BE /* Debug */ = {
			isa = XCBuildConfiguration;
			buildSettings = {
				ALWAYS_EMBED_SWIFT_STANDARD_LIBRARIES = YES;
				CODE_SIGN_STYLE = Automatic;
				DEVELOPMENT_TEAM = 63X7US2LVV;
				INFOPLIST_FILE = "20211113-VikashHart-NYCSchoolsUITests/Info.plist";
				LD_RUNPATH_SEARCH_PATHS = (
					"$(inherited)",
					"@executable_path/Frameworks",
					"@loader_path/Frameworks",
				);
				PRODUCT_BUNDLE_IDENTIFIER = "VikashHart.-0211113-VikashHart-NYCSchoolsUITests";
				PRODUCT_NAME = "$(TARGET_NAME)";
				SWIFT_VERSION = 5.0;
				TARGETED_DEVICE_FAMILY = "1,2";
				TEST_TARGET_NAME = "20211113-VikashHart-NYCSchools";
			};
			name = Debug;
		};
		A1C2793F27405CEE0096F3BE /* Release */ = {
			isa = XCBuildConfiguration;
			buildSettings = {
				ALWAYS_EMBED_SWIFT_STANDARD_LIBRARIES = YES;
				CODE_SIGN_STYLE = Automatic;
				DEVELOPMENT_TEAM = 63X7US2LVV;
				INFOPLIST_FILE = "20211113-VikashHart-NYCSchoolsUITests/Info.plist";
				LD_RUNPATH_SEARCH_PATHS = (
					"$(inherited)",
					"@executable_path/Frameworks",
					"@loader_path/Frameworks",
				);
				PRODUCT_BUNDLE_IDENTIFIER = "VikashHart.-0211113-VikashHart-NYCSchoolsUITests";
				PRODUCT_NAME = "$(TARGET_NAME)";
				SWIFT_VERSION = 5.0;
				TARGETED_DEVICE_FAMILY = "1,2";
				TEST_TARGET_NAME = "20211113-VikashHart-NYCSchools";
			};
			name = Release;
		};
/* End XCBuildConfiguration section */

/* Begin XCConfigurationList section */
		A1C2790827405CEB0096F3BE /* Build configuration list for PBXProject "20211113-VikashHart-NYCSchools" */ = {
			isa = XCConfigurationList;
			buildConfigurations = (
				A1C2793527405CEE0096F3BE /* Debug */,
				A1C2793627405CEE0096F3BE /* Release */,
			);
			defaultConfigurationIsVisible = 0;
			defaultConfigurationName = Release;
		};
		A1C2793727405CEE0096F3BE /* Build configuration list for PBXNativeTarget "20211113-VikashHart-NYCSchools" */ = {
			isa = XCConfigurationList;
			buildConfigurations = (
				A1C2793827405CEE0096F3BE /* Debug */,
				A1C2793927405CEE0096F3BE /* Release */,
			);
			defaultConfigurationIsVisible = 0;
			defaultConfigurationName = Release;
		};
		A1C2793A27405CEE0096F3BE /* Build configuration list for PBXNativeTarget "20211113-VikashHart-NYCSchoolsTests" */ = {
			isa = XCConfigurationList;
			buildConfigurations = (
				A1C2793B27405CEE0096F3BE /* Debug */,
				A1C2793C27405CEE0096F3BE /* Release */,
			);
			defaultConfigurationIsVisible = 0;
			defaultConfigurationName = Release;
		};
		A1C2793D27405CEE0096F3BE /* Build configuration list for PBXNativeTarget "20211113-VikashHart-NYCSchoolsUITests" */ = {
			isa = XCConfigurationList;
			buildConfigurations = (
				A1C2793E27405CEE0096F3BE /* Debug */,
				A1C2793F27405CEE0096F3BE /* Release */,
			);
			defaultConfigurationIsVisible = 0;
			defaultConfigurationName = Release;
		};
/* End XCConfigurationList section */
	};
	rootObject = A1C2790527405CEB0096F3BE /* Project object */;
}
